{
  "name": "szakdoga_project",
  "version": "0.1.0",
  "lockfileVersion": 3,
  "requires": true,
  "packages": {
    "": {
      "name": "szakdoga_project",
      "version": "0.1.0",
      "dependencies": {
        "next": "latest",
        "octokit": "^3.1.1",
        "react": "latest",
        "react-dom": "latest"
      },
      "devDependencies": {
        "@types/node": "latest",
        "@types/react": "latest",
        "@types/react-dom": "latest",
        "typescript": "latest"
      }
    },
    "node_modules/@next/env": {
      "version": "13.5.3",
      "resolved": "https://registry.npmjs.org/@next/env/-/env-13.5.3.tgz",
      "integrity": "sha512-X4te86vsbjsB7iO4usY9jLPtZ827Mbx+WcwNBGUOIuswuTAKQtzsuoxc/6KLxCMvogKG795MhrR1LDhYgDvasg=="
    },
    "node_modules/@next/swc-darwin-arm64": {
      "version": "13.5.3",
      "resolved": "https://registry.npmjs.org/@next/swc-darwin-arm64/-/swc-darwin-arm64-13.5.3.tgz",
      "integrity": "sha512-6hiYNJxJmyYvvKGrVThzo4nTcqvqUTA/JvKim7Auaj33NexDqSNwN5YrrQu+QhZJCIpv2tULSHt+lf+rUflLSw==",
      "cpu": [
        "arm64"
      ],
      "optional": true,
      "os": [
        "darwin"
      ],
      "engines": {
        "node": ">= 10"
      }
    },
    "node_modules/@next/swc-darwin-x64": {
      "version": "13.5.3",
      "resolved": "https://registry.npmjs.org/@next/swc-darwin-x64/-/swc-darwin-x64-13.5.3.tgz",
      "integrity": "sha512-UpBKxu2ob9scbpJyEq/xPgpdrgBgN3aLYlxyGqlYX5/KnwpJpFuIHU2lx8upQQ7L+MEmz+fA1XSgesoK92ppwQ==",
      "cpu": [
        "x64"
      ],
      "optional": true,
      "os": [
        "darwin"
      ],
      "engines": {
        "node": ">= 10"
      }
    },
    "node_modules/@next/swc-linux-arm64-gnu": {
      "version": "13.5.3",
      "resolved": "https://registry.npmjs.org/@next/swc-linux-arm64-gnu/-/swc-linux-arm64-gnu-13.5.3.tgz",
      "integrity": "sha512-5AzM7Yx1Ky+oLY6pHs7tjONTF22JirDPd5Jw/3/NazJ73uGB05NqhGhB4SbeCchg7SlVYVBeRMrMSZwJwq/xoA==",
      "cpu": [
        "arm64"
      ],
      "optional": true,
      "os": [
        "linux"
      ],
      "engines": {
        "node": ">= 10"
      }
    },
    "node_modules/@next/swc-linux-arm64-musl": {
      "version": "13.5.3",
      "resolved": "https://registry.npmjs.org/@next/swc-linux-arm64-musl/-/swc-linux-arm64-musl-13.5.3.tgz",
      "integrity": "sha512-A/C1shbyUhj7wRtokmn73eBksjTM7fFQoY2v/0rTM5wehpkjQRLOXI8WJsag2uLhnZ4ii5OzR1rFPwoD9cvOgA==",
      "cpu": [
        "arm64"
      ],
      "optional": true,
      "os": [
        "linux"
      ],
      "engines": {
        "node": ">= 10"
      }
    },
    "node_modules/@next/swc-linux-x64-gnu": {
      "version": "13.5.3",
      "resolved": "https://registry.npmjs.org/@next/swc-linux-x64-gnu/-/swc-linux-x64-gnu-13.5.3.tgz",
      "integrity": "sha512-FubPuw/Boz8tKkk+5eOuDHOpk36F80rbgxlx4+xty/U71e3wZZxVYHfZXmf0IRToBn1Crb8WvLM9OYj/Ur815g==",
      "cpu": [
        "x64"
      ],
      "optional": true,
      "os": [
        "linux"
      ],
      "engines": {
        "node": ">= 10"
      }
    },
    "node_modules/@next/swc-linux-x64-musl": {
      "version": "13.5.3",
      "resolved": "https://registry.npmjs.org/@next/swc-linux-x64-musl/-/swc-linux-x64-musl-13.5.3.tgz",
      "integrity": "sha512-DPw8nFuM1uEpbX47tM3wiXIR0Qa+atSzs9Q3peY1urkhofx44o7E1svnq+a5Q0r8lAcssLrwiM+OyJJgV/oj7g==",
      "cpu": [
        "x64"
      ],
      "optional": true,
      "os": [
        "linux"
      ],
      "engines": {
        "node": ">= 10"
      }
    },
    "node_modules/@next/swc-win32-arm64-msvc": {
      "version": "13.5.3",
      "resolved": "https://registry.npmjs.org/@next/swc-win32-arm64-msvc/-/swc-win32-arm64-msvc-13.5.3.tgz",
      "integrity": "sha512-zBPSP8cHL51Gub/YV8UUePW7AVGukp2D8JU93IHbVDu2qmhFAn9LWXiOOLKplZQKxnIPUkJTQAJDCWBWU4UWUA==",
      "cpu": [
        "arm64"
      ],
      "optional": true,
      "os": [
        "win32"
      ],
      "engines": {
        "node": ">= 10"
      }
    },
    "node_modules/@next/swc-win32-ia32-msvc": {
      "version": "13.5.3",
      "resolved": "https://registry.npmjs.org/@next/swc-win32-ia32-msvc/-/swc-win32-ia32-msvc-13.5.3.tgz",
      "integrity": "sha512-ONcL/lYyGUj4W37D4I2I450SZtSenmFAvapkJQNIJhrPMhzDU/AdfLkW98NvH1D2+7FXwe7yclf3+B7v28uzBQ==",
      "cpu": [
        "ia32"
      ],
      "optional": true,
      "os": [
        "win32"
      ],
      "engines": {
        "node": ">= 10"
      }
    },
    "node_modules/@next/swc-win32-x64-msvc": {
      "version": "13.5.3",
      "resolved": "https://registry.npmjs.org/@next/swc-win32-x64-msvc/-/swc-win32-x64-msvc-13.5.3.tgz",
      "integrity": "sha512-2Vz2tYWaLqJvLcWbbTlJ5k9AN6JD7a5CN2pAeIzpbecK8ZF/yobA39cXtv6e+Z8c5UJuVOmaTldEAIxvsIux/Q==",
      "cpu": [
        "x64"
      ],
      "optional": true,
      "os": [
        "win32"
      ],
      "engines": {
        "node": ">= 10"
      }
    },
    "node_modules/@octokit/app": {
      "version": "14.0.1",
      "resolved": "https://registry.npmjs.org/@octokit/app/-/app-14.0.1.tgz",
      "integrity": "sha512-4opdXcWBVhzd6FOxlaxDKXXqi9Vz2hsDSWQGNo49HbYFAX11UqMpksMjEdfvHy0x19Pse8Nvn+R6inNb/V398w==",
      "dependencies": {
        "@octokit/auth-app": "^6.0.0",
        "@octokit/auth-unauthenticated": "^5.0.0",
        "@octokit/core": "^5.0.0",
        "@octokit/oauth-app": "^6.0.0",
        "@octokit/plugin-paginate-rest": "^9.0.0",
        "@octokit/types": "^12.0.0",
        "@octokit/webhooks": "^12.0.1"
      },
      "engines": {
        "node": ">= 18"
      }
    },
    "node_modules/@octokit/auth-app": {
      "version": "6.0.1",
      "resolved": "https://registry.npmjs.org/@octokit/auth-app/-/auth-app-6.0.1.tgz",
      "integrity": "sha512-tjCD4nzQNZgmLH62+PSnTF6eGerisFgV4v6euhqJik6yWV96e1ZiiGj+NXIqbgnpjLmtnBqVUrNyGKu3DoGEGA==",
      "dependencies": {
        "@octokit/auth-oauth-app": "^7.0.0",
        "@octokit/auth-oauth-user": "^4.0.0",
        "@octokit/request": "^8.0.2",
        "@octokit/request-error": "^5.0.0",
        "@octokit/types": "^12.0.0",
        "deprecation": "^2.3.1",
        "lru-cache": "^10.0.0",
        "universal-github-app-jwt": "^1.1.1",
        "universal-user-agent": "^6.0.0"
      },
      "engines": {
        "node": ">= 18"
      }
    },
    "node_modules/@octokit/auth-oauth-app": {
      "version": "7.0.1",
      "resolved": "https://registry.npmjs.org/@octokit/auth-oauth-app/-/auth-oauth-app-7.0.1.tgz",
      "integrity": "sha512-RE0KK0DCjCHXHlQBoubwlLijXEKfhMhKm9gO56xYvFmP1QTMb+vvwRPmQLLx0V+5AvV9N9I3lr1WyTzwL3rMDg==",
      "dependencies": {
        "@octokit/auth-oauth-device": "^6.0.0",
        "@octokit/auth-oauth-user": "^4.0.0",
        "@octokit/request": "^8.0.2",
        "@octokit/types": "^12.0.0",
        "@types/btoa-lite": "^1.0.0",
        "btoa-lite": "^1.0.0",
        "universal-user-agent": "^6.0.0"
      },
      "engines": {
        "node": ">= 18"
      }
    },
    "node_modules/@octokit/auth-oauth-device": {
      "version": "6.0.1",
      "resolved": "https://registry.npmjs.org/@octokit/auth-oauth-device/-/auth-oauth-device-6.0.1.tgz",
      "integrity": "sha512-yxU0rkL65QkjbqQedgVx3gmW7YM5fF+r5uaSj9tM/cQGVqloXcqP2xK90eTyYvl29arFVCW8Vz4H/t47mL0ELw==",
      "dependencies": {
        "@octokit/oauth-methods": "^4.0.0",
        "@octokit/request": "^8.0.0",
        "@octokit/types": "^12.0.0",
        "universal-user-agent": "^6.0.0"
      },
      "engines": {
        "node": ">= 18"
      }
    },
    "node_modules/@octokit/auth-oauth-user": {
      "version": "4.0.1",
      "resolved": "https://registry.npmjs.org/@octokit/auth-oauth-user/-/auth-oauth-user-4.0.1.tgz",
      "integrity": "sha512-N94wWW09d0hleCnrO5wt5MxekatqEJ4zf+1vSe8MKMrhZ7gAXKFOKrDEZW2INltvBWJCyDUELgGRv8gfErH1Iw==",
      "dependencies": {
        "@octokit/auth-oauth-device": "^6.0.0",
        "@octokit/oauth-methods": "^4.0.0",
        "@octokit/request": "^8.0.2",
        "@octokit/types": "^12.0.0",
        "btoa-lite": "^1.0.0",
        "universal-user-agent": "^6.0.0"
      },
      "engines": {
        "node": ">= 18"
      }
    },
    "node_modules/@octokit/auth-token": {
      "version": "4.0.0",
      "resolved": "https://registry.npmjs.org/@octokit/auth-token/-/auth-token-4.0.0.tgz",
      "integrity": "sha512-tY/msAuJo6ARbK6SPIxZrPBms3xPbfwBrulZe0Wtr/DIY9lje2HeV1uoebShn6mx7SjCHif6EjMvoREj+gZ+SA==",
      "engines": {
        "node": ">= 18"
      }
    },
    "node_modules/@octokit/auth-unauthenticated": {
      "version": "5.0.1",
      "resolved": "https://registry.npmjs.org/@octokit/auth-unauthenticated/-/auth-unauthenticated-5.0.1.tgz",
      "integrity": "sha512-oxeWzmBFxWd+XolxKTc4zr+h3mt+yofn4r7OfoIkR/Cj/o70eEGmPsFbueyJE2iBAGpjgTnEOKM3pnuEGVmiqg==",
      "dependencies": {
        "@octokit/request-error": "^5.0.0",
        "@octokit/types": "^12.0.0"
      },
      "engines": {
        "node": ">= 18"
      }
    },
    "node_modules/@octokit/core": {
      "version": "5.0.1",
      "resolved": "https://registry.npmjs.org/@octokit/core/-/core-5.0.1.tgz",
      "integrity": "sha512-lyeeeZyESFo+ffI801SaBKmCfsvarO+dgV8/0gD8u1d87clbEdWsP5yC+dSj3zLhb2eIf5SJrn6vDz9AheETHw==",
      "dependencies": {
        "@octokit/auth-token": "^4.0.0",
        "@octokit/graphql": "^7.0.0",
        "@octokit/request": "^8.0.2",
        "@octokit/request-error": "^5.0.0",
        "@octokit/types": "^12.0.0",
        "before-after-hook": "^2.2.0",
        "universal-user-agent": "^6.0.0"
      },
      "engines": {
        "node": ">= 18"
      }
    },
    "node_modules/@octokit/endpoint": {
      "version": "9.0.1",
      "resolved": "https://registry.npmjs.org/@octokit/endpoint/-/endpoint-9.0.1.tgz",
      "integrity": "sha512-hRlOKAovtINHQPYHZlfyFwaM8OyetxeoC81lAkBy34uLb8exrZB50SQdeW3EROqiY9G9yxQTpp5OHTV54QD+vA==",
      "dependencies": {
        "@octokit/types": "^12.0.0",
        "is-plain-object": "^5.0.0",
        "universal-user-agent": "^6.0.0"
      },
      "engines": {
        "node": ">= 18"
      }
    },
    "node_modules/@octokit/graphql": {
      "version": "7.0.2",
      "resolved": "https://registry.npmjs.org/@octokit/graphql/-/graphql-7.0.2.tgz",
      "integrity": "sha512-OJ2iGMtj5Tg3s6RaXH22cJcxXRi7Y3EBqbHTBRq+PQAqfaS8f/236fUrWhfSn8P4jovyzqucxme7/vWSSZBX2Q==",
      "dependencies": {
        "@octokit/request": "^8.0.1",
        "@octokit/types": "^12.0.0",
        "universal-user-agent": "^6.0.0"
      },
      "engines": {
        "node": ">= 18"
      }
    },
    "node_modules/@octokit/oauth-app": {
      "version": "6.0.0",
      "resolved": "https://registry.npmjs.org/@octokit/oauth-app/-/oauth-app-6.0.0.tgz",
      "integrity": "sha512-bNMkS+vJ6oz2hCyraT9ZfTpAQ8dZNqJJQVNaKjPLx4ue5RZiFdU1YWXguOPR8AaSHS+lKe+lR3abn2siGd+zow==",
      "dependencies": {
        "@octokit/auth-oauth-app": "^7.0.0",
        "@octokit/auth-oauth-user": "^4.0.0",
        "@octokit/auth-unauthenticated": "^5.0.0",
        "@octokit/core": "^5.0.0",
        "@octokit/oauth-authorization-url": "^6.0.2",
        "@octokit/oauth-methods": "^4.0.0",
        "@types/aws-lambda": "^8.10.83",
        "universal-user-agent": "^6.0.0"
      },
      "engines": {
        "node": ">= 18"
      }
    },
    "node_modules/@octokit/oauth-authorization-url": {
      "version": "6.0.2",
      "resolved": "https://registry.npmjs.org/@octokit/oauth-authorization-url/-/oauth-authorization-url-6.0.2.tgz",
      "integrity": "sha512-CdoJukjXXxqLNK4y/VOiVzQVjibqoj/xHgInekviUJV73y/BSIcwvJ/4aNHPBPKcPWFnd4/lO9uqRV65jXhcLA==",
      "engines": {
        "node": ">= 18"
      }
    },
    "node_modules/@octokit/oauth-methods": {
      "version": "4.0.0",
      "resolved": "https://registry.npmjs.org/@octokit/oauth-methods/-/oauth-methods-4.0.0.tgz",
      "integrity": "sha512-dqy7BZLfLbi3/8X8xPKUKZclMEK9vN3fK5WF3ortRvtplQTszFvdAGbTo71gGLO+4ZxspNiLjnqdd64Chklf7w==",
      "dependencies": {
        "@octokit/oauth-authorization-url": "^6.0.2",
        "@octokit/request": "^8.0.2",
        "@octokit/request-error": "^5.0.0",
        "@octokit/types": "^11.0.0",
        "btoa-lite": "^1.0.0"
      },
      "engines": {
        "node": ">= 18"
      }
    },
    "node_modules/@octokit/oauth-methods/node_modules/@octokit/openapi-types": {
      "version": "18.1.1",
      "resolved": "https://registry.npmjs.org/@octokit/openapi-types/-/openapi-types-18.1.1.tgz",
      "integrity": "sha512-VRaeH8nCDtF5aXWnjPuEMIYf1itK/s3JYyJcWFJT8X9pSNnBtriDf7wlEWsGuhPLl4QIH4xM8fqTXDwJ3Mu6sw=="
    },
    "node_modules/@octokit/oauth-methods/node_modules/@octokit/types": {
      "version": "11.1.0",
      "resolved": "https://registry.npmjs.org/@octokit/types/-/types-11.1.0.tgz",
      "integrity": "sha512-Fz0+7GyLm/bHt8fwEqgvRBWwIV1S6wRRyq+V6exRKLVWaKGsuy6H9QFYeBVDV7rK6fO3XwHgQOPxv+cLj2zpXQ==",
      "dependencies": {
        "@octokit/openapi-types": "^18.0.0"
      }
    },
    "node_modules/@octokit/openapi-types": {
      "version": "19.0.0",
      "resolved": "https://registry.npmjs.org/@octokit/openapi-types/-/openapi-types-19.0.0.tgz",
      "integrity": "sha512-PclQ6JGMTE9iUStpzMkwLCISFn/wDeRjkZFIKALpvJQNBGwDoYYi2fFvuHwssoQ1rXI5mfh6jgTgWuddeUzfWw=="
    },
    "node_modules/@octokit/plugin-paginate-graphql": {
      "version": "4.0.0",
      "resolved": "https://registry.npmjs.org/@octokit/plugin-paginate-graphql/-/plugin-paginate-graphql-4.0.0.tgz",
      "integrity": "sha512-7HcYW5tP7/Z6AETAPU14gp5H5KmCPT3hmJrS/5tO7HIgbwenYmgw4OY9Ma54FDySuxMwD+wsJlxtuGWwuZuItA==",
      "engines": {
        "node": ">= 18"
      },
      "peerDependencies": {
        "@octokit/core": ">=5"
      }
    },
    "node_modules/@octokit/plugin-paginate-rest": {
      "version": "9.0.0",
      "resolved": "https://registry.npmjs.org/@octokit/plugin-paginate-rest/-/plugin-paginate-rest-9.0.0.tgz",
      "integrity": "sha512-oIJzCpttmBTlEhBmRvb+b9rlnGpmFgDtZ0bB6nq39qIod6A5DP+7RkVLMOixIgRCYSHDTeayWqmiJ2SZ6xgfdw==",
      "dependencies": {
        "@octokit/types": "^12.0.0"
      },
      "engines": {
        "node": ">= 18"
      },
      "peerDependencies": {
        "@octokit/core": ">=5"
      }
    },
    "node_modules/@octokit/plugin-rest-endpoint-methods": {
      "version": "10.0.0",
      "resolved": "https://registry.npmjs.org/@octokit/plugin-rest-endpoint-methods/-/plugin-rest-endpoint-methods-10.0.0.tgz",
      "integrity": "sha512-16VkwE2v6rXU+/gBsYC62M8lKWOphY5Lg4wpjYnVE9Zbu0J6IwiT5kILoj1YOB53XLmcJR+Nqp8DmifOPY4H3g==",
      "dependencies": {
        "@octokit/types": "^12.0.0"
      },
      "engines": {
        "node": ">= 18"
      },
      "peerDependencies": {
        "@octokit/core": ">=5"
      }
    },
    "node_modules/@octokit/plugin-retry": {
      "version": "6.0.1",
      "resolved": "https://registry.npmjs.org/@octokit/plugin-retry/-/plugin-retry-6.0.1.tgz",
      "integrity": "sha512-SKs+Tz9oj0g4p28qkZwl/topGcb0k0qPNX/i7vBKmDsjoeqnVfFUquqrE/O9oJY7+oLzdCtkiWSXLpLjvl6uog==",
      "dependencies": {
        "@octokit/request-error": "^5.0.0",
        "@octokit/types": "^12.0.0",
        "bottleneck": "^2.15.3"
      },
      "engines": {
        "node": ">= 18"
      },
      "peerDependencies": {
        "@octokit/core": ">=5"
      }
    },
    "node_modules/@octokit/plugin-throttling": {
      "version": "8.0.0",
      "resolved": "https://registry.npmjs.org/@octokit/plugin-throttling/-/plugin-throttling-8.0.0.tgz",
      "integrity": "sha512-OkMbHYUidj81q92YRkPzWmwXkEtsI3KOcSkNm763aqUOh9IEplyX05XjKAdZFANAvaYH0Q4JBZwu4h2VnPVXZA==",
      "dependencies": {
        "@octokit/types": "^12.0.0",
        "bottleneck": "^2.15.3"
      },
      "engines": {
        "node": ">= 18"
      },
      "peerDependencies": {
        "@octokit/core": "^5.0.0"
      }
    },
    "node_modules/@octokit/request": {
      "version": "8.1.2",
      "resolved": "https://registry.npmjs.org/@octokit/request/-/request-8.1.2.tgz",
      "integrity": "sha512-A0RJJfzjlZQwb+39eDm5UM23dkxbp28WEG4p2ueH+Q2yY4p349aRK/vcUlEuIB//ggcrHJceoYYkBP/LYCoXEg==",
      "dependencies": {
        "@octokit/endpoint": "^9.0.0",
        "@octokit/request-error": "^5.0.0",
        "@octokit/types": "^12.0.0",
        "is-plain-object": "^5.0.0",
        "universal-user-agent": "^6.0.0"
      },
      "engines": {
        "node": ">= 18"
      }
    },
    "node_modules/@octokit/request-error": {
      "version": "5.0.1",
      "resolved": "https://registry.npmjs.org/@octokit/request-error/-/request-error-5.0.1.tgz",
      "integrity": "sha512-X7pnyTMV7MgtGmiXBwmO6M5kIPrntOXdyKZLigNfQWSEQzVxR4a4vo49vJjTWX70mPndj8KhfT4Dx+2Ng3vnBQ==",
      "dependencies": {
        "@octokit/types": "^12.0.0",
        "deprecation": "^2.0.0",
        "once": "^1.4.0"
      },
      "engines": {
        "node": ">= 18"
      }
    },
    "node_modules/@octokit/types": {
      "version": "12.0.0",
      "resolved": "https://registry.npmjs.org/@octokit/types/-/types-12.0.0.tgz",
      "integrity": "sha512-EzD434aHTFifGudYAygnFlS1Tl6KhbTynEWELQXIbTY8Msvb5nEqTZIm7sbPEt4mQYLZwu3zPKVdeIrw0g7ovg==",
      "dependencies": {
        "@octokit/openapi-types": "^19.0.0"
      }
    },
    "node_modules/@octokit/webhooks": {
      "version": "12.0.3",
      "resolved": "https://registry.npmjs.org/@octokit/webhooks/-/webhooks-12.0.3.tgz",
      "integrity": "sha512-8iG+/yza7hwz1RrQ7i7uGpK2/tuItZxZq1aTmeg2TNp2xTUB8F8lZF/FcZvyyAxT8tpDMF74TjFGCDACkf1kAQ==",
      "dependencies": {
        "@octokit/request-error": "^5.0.0",
        "@octokit/webhooks-methods": "^4.0.0",
        "@octokit/webhooks-types": "7.1.0",
        "aggregate-error": "^3.1.0"
      },
      "engines": {
        "node": ">= 18"
      }
    },
    "node_modules/@octokit/webhooks-methods": {
      "version": "4.0.0",
      "resolved": "https://registry.npmjs.org/@octokit/webhooks-methods/-/webhooks-methods-4.0.0.tgz",
      "integrity": "sha512-M8mwmTXp+VeolOS/kfRvsDdW+IO0qJ8kYodM/sAysk093q6ApgmBXwK1ZlUvAwXVrp/YVHp6aArj4auAxUAOFw==",
      "engines": {
        "node": ">= 18"
      }
    },
    "node_modules/@octokit/webhooks-types": {
      "version": "7.1.0",
      "resolved": "https://registry.npmjs.org/@octokit/webhooks-types/-/webhooks-types-7.1.0.tgz",
      "integrity": "sha512-y92CpG4kFFtBBjni8LHoV12IegJ+KFxLgKRengrVjKmGE5XMeCuGvlfRe75lTRrgXaG6XIWJlFpIDTlkoJsU8w=="
    },
    "node_modules/@swc/helpers": {
      "version": "0.5.2",
      "resolved": "https://registry.npmjs.org/@swc/helpers/-/helpers-0.5.2.tgz",
      "integrity": "sha512-E4KcWTpoLHqwPHLxidpOqQbcrZVgi0rsmmZXUle1jXmJfuIf/UWpczUJ7MZZ5tlxytgJXyp0w4PGkkeLiuIdZw==",
      "dependencies": {
        "tslib": "^2.4.0"
      }
    },
    "node_modules/@types/aws-lambda": {
      "version": "8.10.123",
      "resolved": "https://registry.npmjs.org/@types/aws-lambda/-/aws-lambda-8.10.123.tgz",
      "integrity": "sha512-YBxxrA5fZzt1UFslJFBXH4AJUjkxu5ePv9RPjrpq5Tif5Xi2YhG3P8RAJfXXWL5/M6wPrlzlAMqaMM5ysci/EQ=="
    },
    "node_modules/@types/btoa-lite": {
      "version": "1.0.0",
      "resolved": "https://registry.npmjs.org/@types/btoa-lite/-/btoa-lite-1.0.0.tgz",
      "integrity": "sha512-wJsiX1tosQ+J5+bY5LrSahHxr2wT+uME5UDwdN1kg4frt40euqA+wzECkmq4t5QbveHiJepfdThgQrPw6KiSlg=="
    },
    "node_modules/@types/jsonwebtoken": {
      "version": "9.0.3",
      "resolved": "https://registry.npmjs.org/@types/jsonwebtoken/-/jsonwebtoken-9.0.3.tgz",
      "integrity": "sha512-b0jGiOgHtZ2jqdPgPnP6WLCXZk1T8p06A/vPGzUvxpFGgKMbjXJDjC5m52ErqBnIuWZFgGoIJyRdeG5AyreJjA==",
      "dependencies": {
        "@types/node": "*"
      }
    },
    "node_modules/@types/node": {
      "version": "20.7.1",
      "resolved": "https://registry.npmjs.org/@types/node/-/node-20.7.1.tgz",
      "integrity": "sha512-LT+OIXpp2kj4E2S/p91BMe+VgGX2+lfO+XTpfXhh+bCk2LkQtHZSub8ewFBMGP5ClysPjTDFa4sMI8Q3n4T0wg=="
    },
    "node_modules/@types/prop-types": {
      "version": "15.7.7",
      "resolved": "https://registry.npmjs.org/@types/prop-types/-/prop-types-15.7.7.tgz",
      "integrity": "sha512-FbtmBWCcSa2J4zL781Zf1p5YUBXQomPEcep9QZCfRfQgTxz3pJWiDFLebohZ9fFntX5ibzOkSsrJ0TEew8cAog==",
      "dev": true
    },
    "node_modules/@types/react": {
      "version": "18.2.23",
      "resolved": "https://registry.npmjs.org/@types/react/-/react-18.2.23.tgz",
      "integrity": "sha512-qHLW6n1q2+7KyBEYnrZpcsAmU/iiCh9WGCKgXvMxx89+TYdJWRjZohVIo9XTcoLhfX3+/hP0Pbulu3bCZQ9PSA==",
      "dev": true,
      "dependencies": {
        "@types/prop-types": "*",
        "@types/scheduler": "*",
        "csstype": "^3.0.2"
      }
    },
    "node_modules/@types/react-dom": {
      "version": "18.2.8",
      "resolved": "https://registry.npmjs.org/@types/react-dom/-/react-dom-18.2.8.tgz",
      "integrity": "sha512-bAIvO5lN/U8sPGvs1Xm61rlRHHaq5rp5N3kp9C+NJ/Q41P8iqjkXSu0+/qu8POsjH9pNWb0OYabFez7taP7omw==",
      "dev": true,
      "dependencies": {
        "@types/react": "*"
      }
    },
    "node_modules/@types/scheduler": {
      "version": "0.16.4",
      "resolved": "https://registry.npmjs.org/@types/scheduler/-/scheduler-0.16.4.tgz",
      "integrity": "sha512-2L9ifAGl7wmXwP4v3pN4p2FLhD0O1qsJpvKmNin5VA8+UvNVb447UDaAEV6UdrkA+m/Xs58U1RFps44x6TFsVQ==",
      "dev": true
    },
    "node_modules/aggregate-error": {
      "version": "3.1.0",
      "resolved": "https://registry.npmjs.org/aggregate-error/-/aggregate-error-3.1.0.tgz",
      "integrity": "sha512-4I7Td01quW/RpocfNayFdFVk1qSuoh0E7JrbRJ16nH01HhKFQ88INq9Sd+nd72zqRySlr9BmDA8xlEJ6vJMrYA==",
      "dependencies": {
        "clean-stack": "^2.0.0",
        "indent-string": "^4.0.0"
      },
      "engines": {
        "node": ">=8"
      }
    },
    "node_modules/before-after-hook": {
      "version": "2.2.3",
      "resolved": "https://registry.npmjs.org/before-after-hook/-/before-after-hook-2.2.3.tgz",
      "integrity": "sha512-NzUnlZexiaH/46WDhANlyR2bXRopNg4F/zuSA3OpZnllCUgRaOF2znDioDWrmbNVsuZk6l9pMquQB38cfBZwkQ=="
    },
    "node_modules/bottleneck": {
      "version": "2.19.5",
      "resolved": "https://registry.npmjs.org/bottleneck/-/bottleneck-2.19.5.tgz",
      "integrity": "sha512-VHiNCbI1lKdl44tGrhNfU3lup0Tj/ZBMJB5/2ZbNXRCPuRCO7ed2mgcK4r17y+KB2EfuYuRaVlwNbAeaWGSpbw=="
    },
    "node_modules/btoa-lite": {
      "version": "1.0.0",
      "resolved": "https://registry.npmjs.org/btoa-lite/-/btoa-lite-1.0.0.tgz",
      "integrity": "sha512-gvW7InbIyF8AicrqWoptdW08pUxuhq8BEgowNajy9RhiE86fmGAGl+bLKo6oB8QP0CkqHLowfN0oJdKC/J6LbA=="
    },
    "node_modules/buffer-equal-constant-time": {
      "version": "1.0.1",
      "resolved": "https://registry.npmjs.org/buffer-equal-constant-time/-/buffer-equal-constant-time-1.0.1.tgz",
      "integrity": "sha512-zRpUiDwd/xk6ADqPMATG8vc9VPrkck7T07OIx0gnjmJAnHnTVXNQG3vfvWNuiZIkwu9KrKdA1iJKfsfTVxE6NA=="
    },
    "node_modules/busboy": {
      "version": "1.6.0",
      "resolved": "https://registry.npmjs.org/busboy/-/busboy-1.6.0.tgz",
      "integrity": "sha512-8SFQbg/0hQ9xy3UNTB0YEnsNBbWfhf7RtnzpL7TkBiTBRfrQ9Fxcnz7VJsleJpyp6rVLvXiuORqjlHi5q+PYuA==",
      "dependencies": {
        "streamsearch": "^1.1.0"
      },
      "engines": {
        "node": ">=10.16.0"
      }
    },
    "node_modules/caniuse-lite": {
      "version": "1.0.30001541",
      "resolved": "https://registry.npmjs.org/caniuse-lite/-/caniuse-lite-1.0.30001541.tgz",
      "integrity": "sha512-bLOsqxDgTqUBkzxbNlSBt8annkDpQB9NdzdTbO2ooJ+eC/IQcvDspDc058g84ejCelF7vHUx57KIOjEecOHXaw==",
      "funding": [
        {
          "type": "opencollective",
          "url": "https://opencollective.com/browserslist"
        },
        {
          "type": "tidelift",
          "url": "https://tidelift.com/funding/github/npm/caniuse-lite"
        },
        {
          "type": "github",
          "url": "https://github.com/sponsors/ai"
        }
      ]
    },
    "node_modules/clean-stack": {
      "version": "2.2.0",
      "resolved": "https://registry.npmjs.org/clean-stack/-/clean-stack-2.2.0.tgz",
      "integrity": "sha512-4diC9HaTE+KRAMWhDhrGOECgWZxoevMc5TlkObMqNSsVU62PYzXZ/SMTjzyGAFF1YusgxGcSWTEXBhp0CPwQ1A==",
      "engines": {
        "node": ">=6"
      }
    },
    "node_modules/client-only": {
      "version": "0.0.1",
      "resolved": "https://registry.npmjs.org/client-only/-/client-only-0.0.1.tgz",
      "integrity": "sha512-IV3Ou0jSMzZrd3pZ48nLkT9DA7Ag1pnPzaiQhpW7c3RbcqqzvzzVu+L8gfqMp/8IM2MQtSiqaCxrrcfu8I8rMA=="
    },
    "node_modules/csstype": {
      "version": "3.1.2",
      "resolved": "https://registry.npmjs.org/csstype/-/csstype-3.1.2.tgz",
      "integrity": "sha512-I7K1Uu0MBPzaFKg4nI5Q7Vs2t+3gWWW648spaF+Rg7pI9ds18Ugn+lvg4SHczUdKlHI5LWBXyqfS8+DufyBsgQ==",
      "dev": true
    },
    "node_modules/deprecation": {
      "version": "2.3.1",
      "resolved": "https://registry.npmjs.org/deprecation/-/deprecation-2.3.1.tgz",
      "integrity": "sha512-xmHIy4F3scKVwMsQ4WnVaS8bHOx0DmVwRywosKhaILI0ywMDWPtBSku2HNxRvF7jtwDRsoEwYQSfbxj8b7RlJQ=="
    },
    "node_modules/ecdsa-sig-formatter": {
      "version": "1.0.11",
      "resolved": "https://registry.npmjs.org/ecdsa-sig-formatter/-/ecdsa-sig-formatter-1.0.11.tgz",
      "integrity": "sha512-nagl3RYrbNv6kQkeJIpt6NJZy8twLB/2vtz6yN9Z4vRKHN4/QZJIEbqohALSgwKdnksuY3k5Addp5lg8sVoVcQ==",
      "dependencies": {
        "safe-buffer": "^5.0.1"
      }
    },
    "node_modules/glob-to-regexp": {
      "version": "0.4.1",
      "resolved": "https://registry.npmjs.org/glob-to-regexp/-/glob-to-regexp-0.4.1.tgz",
      "integrity": "sha512-lkX1HJXwyMcprw/5YUZc2s7DrpAiHB21/V+E1rHUrVNokkvB6bqMzT0VfV6/86ZNabt1k14YOIaT7nDvOX3Iiw=="
    },
    "node_modules/graceful-fs": {
      "version": "4.2.11",
      "resolved": "https://registry.npmjs.org/graceful-fs/-/graceful-fs-4.2.11.tgz",
      "integrity": "sha512-RbJ5/jmFcNNCcDV5o9eTnBLJ/HszWV0P73bc+Ff4nS/rJj+YaS6IGyiOL0VoBYX+l1Wrl3k63h/KrH+nhJ0XvQ=="
    },
    "node_modules/indent-string": {
      "version": "4.0.0",
      "resolved": "https://registry.npmjs.org/indent-string/-/indent-string-4.0.0.tgz",
      "integrity": "sha512-EdDDZu4A2OyIK7Lr/2zG+w5jmbuk1DVBnEwREQvBzspBJkCEbRa8GxU1lghYcaGJCnRWibjDXlq779X1/y5xwg==",
      "engines": {
        "node": ">=8"
      }
    },
    "node_modules/is-plain-object": {
      "version": "5.0.0",
      "resolved": "https://registry.npmjs.org/is-plain-object/-/is-plain-object-5.0.0.tgz",
      "integrity": "sha512-VRSzKkbMm5jMDoKLbltAkFQ5Qr7VDiTFGXxYFXXowVj387GeGNOCsOH6Msy00SGZ3Fp84b1Naa1psqgcCIEP5Q==",
      "engines": {
        "node": ">=0.10.0"
      }
    },
    "node_modules/js-tokens": {
      "version": "4.0.0",
      "resolved": "https://registry.npmjs.org/js-tokens/-/js-tokens-4.0.0.tgz",
      "integrity": "sha512-RdJUflcE3cUzKiMqQgsCu06FPu9UdIJO0beYbPhHN4k6apgJtifcoCtT9bcxOpYBtpD2kCM6Sbzg4CausW/PKQ=="
    },
    "node_modules/jsonwebtoken": {
      "version": "9.0.2",
      "resolved": "https://registry.npmjs.org/jsonwebtoken/-/jsonwebtoken-9.0.2.tgz",
      "integrity": "sha512-PRp66vJ865SSqOlgqS8hujT5U4AOgMfhrwYIuIhfKaoSCZcirrmASQr8CX7cUg+RMih+hgznrjp99o+W4pJLHQ==",
      "dependencies": {
        "jws": "^3.2.2",
        "lodash.includes": "^4.3.0",
        "lodash.isboolean": "^3.0.3",
        "lodash.isinteger": "^4.0.4",
        "lodash.isnumber": "^3.0.3",
        "lodash.isplainobject": "^4.0.6",
        "lodash.isstring": "^4.0.1",
        "lodash.once": "^4.0.0",
        "ms": "^2.1.1",
        "semver": "^7.5.4"
      },
      "engines": {
        "node": ">=12",
        "npm": ">=6"
      }
    },
    "node_modules/jwa": {
      "version": "1.4.1",
      "resolved": "https://registry.npmjs.org/jwa/-/jwa-1.4.1.tgz",
      "integrity": "sha512-qiLX/xhEEFKUAJ6FiBMbes3w9ATzyk5W7Hvzpa/SLYdxNtng+gcurvrI7TbACjIXlsJyr05/S1oUhZrc63evQA==",
      "dependencies": {
        "buffer-equal-constant-time": "1.0.1",
        "ecdsa-sig-formatter": "1.0.11",
        "safe-buffer": "^5.0.1"
      }
    },
    "node_modules/jws": {
      "version": "3.2.2",
      "resolved": "https://registry.npmjs.org/jws/-/jws-3.2.2.tgz",
      "integrity": "sha512-YHlZCB6lMTllWDtSPHz/ZXTsi8S00usEV6v1tjq8tOUZzw7DpSDWVXjXDre6ed1w/pd495ODpHZYSdkRTsa0HA==",
      "dependencies": {
        "jwa": "^1.4.1",
        "safe-buffer": "^5.0.1"
      }
    },
    "node_modules/lodash.includes": {
      "version": "4.3.0",
      "resolved": "https://registry.npmjs.org/lodash.includes/-/lodash.includes-4.3.0.tgz",
      "integrity": "sha512-W3Bx6mdkRTGtlJISOvVD/lbqjTlPPUDTMnlXZFnVwi9NKJ6tiAk6LVdlhZMm17VZisqhKcgzpO5Wz91PCt5b0w=="
    },
    "node_modules/lodash.isboolean": {
      "version": "3.0.3",
      "resolved": "https://registry.npmjs.org/lodash.isboolean/-/lodash.isboolean-3.0.3.tgz",
      "integrity": "sha512-Bz5mupy2SVbPHURB98VAcw+aHh4vRV5IPNhILUCsOzRmsTmSQ17jIuqopAentWoehktxGd9e/hbIXq980/1QJg=="
    },
    "node_modules/lodash.isinteger": {
      "version": "4.0.4",
      "resolved": "https://registry.npmjs.org/lodash.isinteger/-/lodash.isinteger-4.0.4.tgz",
      "integrity": "sha512-DBwtEWN2caHQ9/imiNeEA5ys1JoRtRfY3d7V9wkqtbycnAmTvRRmbHKDV4a0EYc678/dia0jrte4tjYwVBaZUA=="
    },
    "node_modules/lodash.isnumber": {
      "version": "3.0.3",
      "resolved": "https://registry.npmjs.org/lodash.isnumber/-/lodash.isnumber-3.0.3.tgz",
      "integrity": "sha512-QYqzpfwO3/CWf3XP+Z+tkQsfaLL/EnUlXWVkIk5FUPc4sBdTehEqZONuyRt2P67PXAk+NXmTBcc97zw9t1FQrw=="
    },
    "node_modules/lodash.isplainobject": {
      "version": "4.0.6",
      "resolved": "https://registry.npmjs.org/lodash.isplainobject/-/lodash.isplainobject-4.0.6.tgz",
      "integrity": "sha512-oSXzaWypCMHkPC3NvBEaPHf0KsA5mvPrOPgQWDsbg8n7orZ290M0BmC/jgRZ4vcJ6DTAhjrsSYgdsW/F+MFOBA=="
    },
    "node_modules/lodash.isstring": {
      "version": "4.0.1",
      "resolved": "https://registry.npmjs.org/lodash.isstring/-/lodash.isstring-4.0.1.tgz",
      "integrity": "sha512-0wJxfxH1wgO3GrbuP+dTTk7op+6L41QCXbGINEmD+ny/G/eCqGzxyCsh7159S+mgDDcoarnBw6PC1PS5+wUGgw=="
    },
    "node_modules/lodash.once": {
      "version": "4.1.1",
      "resolved": "https://registry.npmjs.org/lodash.once/-/lodash.once-4.1.1.tgz",
      "integrity": "sha512-Sb487aTOCr9drQVL8pIxOzVhafOjZN9UU54hiN8PU3uAiSV7lx1yYNpbNmex2PK6dSJoNTSJUUswT651yww3Mg=="
    },
    "node_modules/loose-envify": {
      "version": "1.4.0",
      "resolved": "https://registry.npmjs.org/loose-envify/-/loose-envify-1.4.0.tgz",
      "integrity": "sha512-lyuxPGr/Wfhrlem2CL/UcnUc1zcqKAImBDzukY7Y5F/yQiNdko6+fRLevlw1HgMySw7f611UIY408EtxRSoK3Q==",
      "dependencies": {
        "js-tokens": "^3.0.0 || ^4.0.0"
      },
      "bin": {
        "loose-envify": "cli.js"
      }
    },
    "node_modules/lru-cache": {
      "version": "10.0.1",
      "resolved": "https://registry.npmjs.org/lru-cache/-/lru-cache-10.0.1.tgz",
      "integrity": "sha512-IJ4uwUTi2qCccrioU6g9g/5rvvVl13bsdczUUcqbciD9iLr095yj8DQKdObriEvuNSx325N1rV1O0sJFszx75g==",
      "engines": {
        "node": "14 || >=16.14"
      }
    },
    "node_modules/ms": {
      "version": "2.1.3",
      "resolved": "https://registry.npmjs.org/ms/-/ms-2.1.3.tgz",
      "integrity": "sha512-6FlzubTLZG3J2a/NVCAleEhjzq5oxgHyaCU9yYXvcLsvoVaHJq/s5xXI6/XXP6tz7R9xAOtHnSO/tXtF3WRTlA=="
    },
    "node_modules/nanoid": {
      "version": "3.3.6",
      "resolved": "https://registry.npmjs.org/nanoid/-/nanoid-3.3.6.tgz",
      "integrity": "sha512-BGcqMMJuToF7i1rt+2PWSNVnWIkGCU78jBG3RxO/bZlnZPK2Cmi2QaffxGO/2RvWi9sL+FAiRiXMgsyxQ1DIDA==",
      "funding": [
        {
          "type": "github",
          "url": "https://github.com/sponsors/ai"
        }
      ],
      "bin": {
        "nanoid": "bin/nanoid.cjs"
      },
      "engines": {
        "node": "^10 || ^12 || ^13.7 || ^14 || >=15.0.1"
      }
    },
    "node_modules/next": {
      "version": "13.5.3",
      "resolved": "https://registry.npmjs.org/next/-/next-13.5.3.tgz",
      "integrity": "sha512-4Nt4HRLYDW/yRpJ/QR2t1v63UOMS55A38dnWv3UDOWGezuY0ZyFO1ABNbD7mulVzs9qVhgy2+ppjdsANpKP1mg==",
      "dependencies": {
        "@next/env": "13.5.3",
        "@swc/helpers": "0.5.2",
        "busboy": "1.6.0",
        "caniuse-lite": "^1.0.30001406",
        "postcss": "8.4.14",
        "styled-jsx": "5.1.1",
        "watchpack": "2.4.0",
        "zod": "3.21.4"
      },
      "bin": {
        "next": "dist/bin/next"
      },
      "engines": {
        "node": ">=16.14.0"
      },
      "optionalDependencies": {
        "@next/swc-darwin-arm64": "13.5.3",
        "@next/swc-darwin-x64": "13.5.3",
        "@next/swc-linux-arm64-gnu": "13.5.3",
        "@next/swc-linux-arm64-musl": "13.5.3",
        "@next/swc-linux-x64-gnu": "13.5.3",
        "@next/swc-linux-x64-musl": "13.5.3",
        "@next/swc-win32-arm64-msvc": "13.5.3",
        "@next/swc-win32-ia32-msvc": "13.5.3",
        "@next/swc-win32-x64-msvc": "13.5.3"
      },
      "peerDependencies": {
        "@opentelemetry/api": "^1.1.0",
        "react": "^18.2.0",
        "react-dom": "^18.2.0",
        "sass": "^1.3.0"
      },
      "peerDependenciesMeta": {
        "@opentelemetry/api": {
          "optional": true
        },
        "sass": {
          "optional": true
        }
      }
    },
    "node_modules/octokit": {
      "version": "3.1.1",
      "resolved": "https://registry.npmjs.org/octokit/-/octokit-3.1.1.tgz",
      "integrity": "sha512-AKJs5XYs7iAh7bskkYpxhUIpsYZdLqjnlnqrN5s9FFZuJ/a6ATUHivGpUKDpGB/xa+LGDtG9Lu8bOCfPM84vHQ==",
      "dependencies": {
        "@octokit/app": "^14.0.0",
        "@octokit/core": "^5.0.0",
        "@octokit/oauth-app": "^6.0.0",
        "@octokit/plugin-paginate-graphql": "^4.0.0",
        "@octokit/plugin-paginate-rest": "^9.0.0",
        "@octokit/plugin-rest-endpoint-methods": "^10.0.0",
        "@octokit/plugin-retry": "^6.0.0",
        "@octokit/plugin-throttling": "^8.0.0",
        "@octokit/request-error": "^5.0.0",
        "@octokit/types": "^12.0.0"
      },
      "engines": {
        "node": ">= 18"
      }
    },
    "node_modules/once": {
      "version": "1.4.0",
      "resolved": "https://registry.npmjs.org/once/-/once-1.4.0.tgz",
      "integrity": "sha512-lNaJgI+2Q5URQBkccEKHTQOPaXdUxnZZElQTZY0MFUAuaEqe1E+Nyvgdz/aIyNi6Z9MzO5dv1H8n58/GELp3+w==",
      "dependencies": {
        "wrappy": "1"
      }
    },
    "node_modules/picocolors": {
      "version": "1.0.0",
      "resolved": "https://registry.npmjs.org/picocolors/-/picocolors-1.0.0.tgz",
      "integrity": "sha512-1fygroTLlHu66zi26VoTDv8yRgm0Fccecssto+MhsZ0D/DGW2sm8E8AjW7NU5VVTRt5GxbeZ5qBuJr+HyLYkjQ=="
    },
    "node_modules/postcss": {
      "version": "8.4.14",
      "resolved": "https://registry.npmjs.org/postcss/-/postcss-8.4.14.tgz",
      "integrity": "sha512-E398TUmfAYFPBSdzgeieK2Y1+1cpdxJx8yXbK/m57nRhKSmk1GB2tO4lbLBtlkfPQTDKfe4Xqv1ASWPpayPEig==",
      "funding": [
        {
          "type": "opencollective",
          "url": "https://opencollective.com/postcss/"
        },
        {
          "type": "tidelift",
          "url": "https://tidelift.com/funding/github/npm/postcss"
        }
      ],
      "dependencies": {
        "nanoid": "^3.3.4",
        "picocolors": "^1.0.0",
        "source-map-js": "^1.0.2"
      },
      "engines": {
        "node": "^10 || ^12 || >=14"
      }
    },
    "node_modules/react": {
      "version": "18.2.0",
      "resolved": "https://registry.npmjs.org/react/-/react-18.2.0.tgz",
      "integrity": "sha512-/3IjMdb2L9QbBdWiW5e3P2/npwMBaU9mHCSCUzNln0ZCYbcfTsGbTJrU/kGemdH2IWmB2ioZ+zkxtmq6g09fGQ==",
      "dependencies": {
        "loose-envify": "^1.1.0"
      },
      "engines": {
        "node": ">=0.10.0"
      }
    },
    "node_modules/react-dom": {
      "version": "18.2.0",
      "resolved": "https://registry.npmjs.org/react-dom/-/react-dom-18.2.0.tgz",
      "integrity": "sha512-6IMTriUmvsjHUjNtEDudZfuDQUoWXVxKHhlEGSk81n4YFS+r/Kl99wXiwlVXtPBtJenozv2P+hxDsw9eA7Xo6g==",
      "dependencies": {
        "loose-envify": "^1.1.0",
        "scheduler": "^0.23.0"
      },
      "peerDependencies": {
        "react": "^18.2.0"
      }
    },
    "node_modules/safe-buffer": {
      "version": "5.2.1",
      "resolved": "https://registry.npmjs.org/safe-buffer/-/safe-buffer-5.2.1.tgz",
      "integrity": "sha512-rp3So07KcdmmKbGvgaNxQSJr7bGVSVk5S9Eq1F+ppbRo70+YeaDxkw5Dd8NPN+GD6bjnYm2VuPuCXmpuYvmCXQ==",
      "funding": [
        {
          "type": "github",
          "url": "https://github.com/sponsors/feross"
        },
        {
          "type": "patreon",
          "url": "https://www.patreon.com/feross"
        },
        {
          "type": "consulting",
          "url": "https://feross.org/support"
        }
      ]
    },
    "node_modules/scheduler": {
      "version": "0.23.0",
      "resolved": "https://registry.npmjs.org/scheduler/-/scheduler-0.23.0.tgz",
      "integrity": "sha512-CtuThmgHNg7zIZWAXi3AsyIzA3n4xx7aNyjwC2VJldO2LMVDhFK+63xGqq6CsJH4rTAt6/M+N4GhZiDYPx9eUw==",
      "dependencies": {
        "loose-envify": "^1.1.0"
      }
    },
    "node_modules/semver": {
      "version": "7.5.4",
      "resolved": "https://registry.npmjs.org/semver/-/semver-7.5.4.tgz",
      "integrity": "sha512-1bCSESV6Pv+i21Hvpxp3Dx+pSD8lIPt8uVjRrxAUt/nbswYc+tK6Y2btiULjd4+fnq15PX+nqQDC7Oft7WkwcA==",
      "dependencies": {
        "lru-cache": "^6.0.0"
      },
      "bin": {
        "semver": "bin/semver.js"
      },
      "engines": {
        "node": ">=10"
      }
    },
    "node_modules/semver/node_modules/lru-cache": {
      "version": "6.0.0",
      "resolved": "https://registry.npmjs.org/lru-cache/-/lru-cache-6.0.0.tgz",
      "integrity": "sha512-Jo6dJ04CmSjuznwJSS3pUeWmd/H0ffTlkXXgwZi+eq1UCmqQwCh+eLsYOYCwY991i2Fah4h1BEMCx4qThGbsiA==",
      "dependencies": {
        "yallist": "^4.0.0"
      },
      "engines": {
        "node": ">=10"
      }
    },
    "node_modules/source-map-js": {
      "version": "1.0.2",
      "resolved": "https://registry.npmjs.org/source-map-js/-/source-map-js-1.0.2.tgz",
      "integrity": "sha512-R0XvVJ9WusLiqTCEiGCmICCMplcCkIwwR11mOSD9CR5u+IXYdiseeEuXCVAjS54zqwkLcPNnmU4OeJ6tUrWhDw==",
      "engines": {
        "node": ">=0.10.0"
      }
    },
    "node_modules/streamsearch": {
      "version": "1.1.0",
      "resolved": "https://registry.npmjs.org/streamsearch/-/streamsearch-1.1.0.tgz",
      "integrity": "sha512-Mcc5wHehp9aXz1ax6bZUyY5afg9u2rv5cqQI3mRrYkGC8rW2hM02jWuwjtL++LS5qinSyhj2QfLyNsuc+VsExg==",
      "engines": {
        "node": ">=10.0.0"
      }
    },
    "node_modules/styled-jsx": {
      "version": "5.1.1",
      "resolved": "https://registry.npmjs.org/styled-jsx/-/styled-jsx-5.1.1.tgz",
      "integrity": "sha512-pW7uC1l4mBZ8ugbiZrcIsiIvVx1UmTfw7UkC3Um2tmfUq9Bhk8IiyEIPl6F8agHgjzku6j0xQEZbfA5uSgSaCw==",
      "dependencies": {
        "client-only": "0.0.1"
      },
      "engines": {
        "node": ">= 12.0.0"
      },
      "peerDependencies": {
        "react": ">= 16.8.0 || 17.x.x || ^18.0.0-0"
      },
      "peerDependenciesMeta": {
        "@babel/core": {
          "optional": true
        },
        "babel-plugin-macros": {
          "optional": true
        }
      }
    },
    "node_modules/tslib": {
      "version": "2.6.2",
      "resolved": "https://registry.npmjs.org/tslib/-/tslib-2.6.2.tgz",
      "integrity": "sha512-AEYxH93jGFPn/a2iVAwW87VuUIkR1FVUKB77NwMF7nBTDkDrrT/Hpt/IrCJ0QXhW27jTBDcf5ZY7w6RiqTMw2Q=="
    },
    "node_modules/typescript": {
      "version": "5.2.2",
      "resolved": "https://registry.npmjs.org/typescript/-/typescript-5.2.2.tgz",
      "integrity": "sha512-mI4WrpHsbCIcwT9cF4FZvr80QUeKvsUsUvKDoR+X/7XHQH98xYD8YHZg7ANtz2GtZt/CBq2QJ0thkGJMHfqc1w==",
      "dev": true,
      "bin": {
        "tsc": "bin/tsc",
        "tsserver": "bin/tsserver"
      },
      "engines": {
        "node": ">=14.17"
      }
    },
    "node_modules/universal-github-app-jwt": {
      "version": "1.1.1",
      "resolved": "https://registry.npmjs.org/universal-github-app-jwt/-/universal-github-app-jwt-1.1.1.tgz",
      "integrity": "sha512-G33RTLrIBMFmlDV4u4CBF7dh71eWwykck4XgaxaIVeZKOYZRAAxvcGMRFTUclVY6xoUPQvO4Ne5wKGxYm/Yy9w==",
      "dependencies": {
        "@types/jsonwebtoken": "^9.0.0",
        "jsonwebtoken": "^9.0.0"
      }
    },
    "node_modules/universal-user-agent": {
      "version": "6.0.0",
      "resolved": "https://registry.npmjs.org/universal-user-agent/-/universal-user-agent-6.0.0.tgz",
      "integrity": "sha512-isyNax3wXoKaulPDZWHQqbmIx1k2tb9fb3GGDBRxCscfYV2Ch7WxPArBsFEG8s/safwXTT7H4QGhaIkTp9447w=="
    },
    "node_modules/watchpack": {
      "version": "2.4.0",
      "resolved": "https://registry.npmjs.org/watchpack/-/watchpack-2.4.0.tgz",
      "integrity": "sha512-Lcvm7MGST/4fup+ifyKi2hjyIAwcdI4HRgtvTpIUxBRhB+RFtUh8XtDOxUfctVCnhVi+QQj49i91OyvzkJl6cg==",
      "dependencies": {
        "glob-to-regexp": "^0.4.1",
        "graceful-fs": "^4.1.2"
      },
      "engines": {
        "node": ">=10.13.0"
      }
    },
    "node_modules/wrappy": {
      "version": "1.0.2",
      "resolved": "https://registry.npmjs.org/wrappy/-/wrappy-1.0.2.tgz",
      "integrity": "sha512-l4Sp/DRseor9wL6EvV2+TuQn63dMkPjZ/sp9XkghTEbV9KlPS1xUsZ3u7/IQO4wxtcFB4bgpQPRcR3QCvezPcQ=="
    },
    "node_modules/yallist": {
      "version": "4.0.0",
      "resolved": "https://registry.npmjs.org/yallist/-/yallist-4.0.0.tgz",
      "integrity": "sha512-3wdGidZyq5PB084XLES5TpOSRA3wjXAlIWMhum2kRcv/41Sn2emQ0dycQW4uZXLejwKvg6EsvbdlVL+FYEct7A=="
    },
    "node_modules/zod": {
      "version": "3.21.4",
      "resolved": "https://registry.npmjs.org/zod/-/zod-3.21.4.tgz",
      "integrity": "sha512-m46AKbrzKVzOzs/DZgVnG5H55N1sv1M8qZU3A8RIKbs3mrACDNeIOeilDymVb2HdmP8uwshOCF4uJ8uM9rCqJw==",
      "funding": {
        "url": "https://github.com/sponsors/colinhacks"
      }
    }
  }
}
